
Microsoft Visual Studio Solution File, Format Version 12.00
# Visual Studio Version 16
VisualStudioVersion = 16.0.31702.278
MinimumVisualStudioVersion = 10.0.40219.1
Project("{FAE04EC0-301F-11D3-BF4B-00C04F79EFBC}") = "RpGame", "RpGame\RpGame.csproj", "{C0DBCD0D-E913-4D31-837E-368C9DF35A73}"
EndProject
Global
	GlobalSection(SolutionConfigurationPlatforms) = preSolution
		Debug|Any CPU = Debug|Any CPU
		Release|Any CPU = Release|Any CPU
	EndGlobalSection
	GlobalSection(ProjectConfigurationPlatforms) = postSolution
		{C0DBCD0D-E913-4D31-837E-368C9DF35A73}.Debug|Any CPU.ActiveCfg = Debug|Any CPU
		{C0DBCD0D-E913-4D31-837E-368C9DF35A73}.Debug|Any CPU.Build.0 = Debug|Any CPU
		{C0DBCD0D-E913-4D31-837E-368C9DF35A73}.Release|Any CPU.ActiveCfg = Release|Any CPU
		{C0DBCD0D-E913-4D31-837E-368C9DF35A73}.Release|Any CPU.Build.0 = Release|Any CPU
	EndGlobalSection
	GlobalSection(SolutionProperties) = preSolution
		HideSolutionNode = FALSE
	EndGlobalSection
	GlobalSection(ExtensibilityGlobals) = postSolution
		SolutionGuid = {56F28815-2721-4EBD-9D0D-9E53BDEE03E4}
	EndGlobalSection
EndGlobal
